{
  "name": "vue-state-machine",
  "version": "0.1.0",
  "lockfileVersion": 1,
  "requires": true,
  "dependencies": {
    "xstate": {
      "version": "3.3.3",
      "resolved": "https://registry.npmjs.org/xstate/-/xstate-3.3.3.tgz",
      "integrity": "sha512-p0ZYDPWxZZZRAJyD3jaGO9/MYioHuxZp6sjcLhPfBZHAprl4EDrZRGDqRVH9VvK8oa6Nrbpf+U5eNmn8KFwO3g=="
    }
  }
}
